PODS:
  - Branch (0.26.0):
    - Branch/Core (= 0.26.0)
  - Branch/Core (0.26.0)

DEPENDENCIES:
  - Branch

SPEC REPOS:
  https://github.com/cocoapods/specs.git:
    - Branch

SPEC CHECKSUMS:
  Branch: 5bf1e0d3f57bfce0b7029c960118641695b294ee

PODFILE CHECKSUM: 9e1909c892212925b2d91fd5ee3076022a83ebab

COCOAPODS: 1.6.1
